
Microsoft Visual Studio Solution File, Format Version 12.00
# Visual Studio 2012
Project("{8BC9CEB8-8B4A-11D0-8D11-00A0C91BC942}") = "PiecewiseLinearEstimate", "PiecewiseLinearEstimate\PiecewiseLinearEstimate.vcxproj", "{B100952A-184B-488E-A22D-73421313253B}"
EndProject
Global
	GlobalSection(SolutionConfigurationPlatforms) = preSolution
		Debug|Win32 = Debug|Win32
		Release|Win32 = Release|Win32
	EndGlobalSection
	GlobalSection(ProjectConfigurationPlatforms) = postSolution
		{B100952A-184B-488E-A22D-73421313253B}.Debug|Win32.ActiveCfg = Debug|Win32
		{B100952A-184B-488E-A22D-73421313253B}.Debug|Win32.Build.0 = Debug|Win32
		{B100952A-184B-488E-A22D-73421313253B}.Release|Win32.ActiveCfg = Release|Win32
		{B100952A-184B-488E-A22D-73421313253B}.Release|Win32.Build.0 = Release|Win32
	EndGlobalSection
	GlobalSection(SolutionProperties) = preSolution
		HideSolutionNode = FALSE
	EndGlobalSection
EndGlobal
